{
  "name": "mandelbrotset",
  "version": "1.0.0",
  "lockfileVersion": 1,
  "requires": true,
  "dependencies": {
    "@pixi/accessibility": {
      "version": "5.3.1",
      "resolved": "https://registry.npmjs.org/@pixi/accessibility/-/accessibility-5.3.1.tgz",
      "integrity": "sha512-Fr54YVZu1/9JVtwnWN69C6DQm76tJXIV3K2tE3TY87bVze8twlkbYolXTnM/4GFvDgDbJ0OymM4tbUCIl7tx+A==",
      "dev": true,
      "requires": {
        "@pixi/core": "5.3.1",
        "@pixi/display": "5.3.1",
        "@pixi/utils": "5.3.1"
      }
    },
    "@pixi/app": {
      "version": "5.3.1",
      "resolved": "https://registry.npmjs.org/@pixi/app/-/app-5.3.1.tgz",
      "integrity": "sha512-5CnfL9q5DJ4VWuiAqiAT8zGfWzOep7cann2wL8sLRvWyztgHmlFV8JUbj5zaaV1sFgU0KqQcB0L24H459Kc/QQ==",
      "dev": true,
      "requires": {
        "@pixi/core": "5.3.1",
        "@pixi/display": "5.3.1"
      }
    },
    "@pixi/constants": {
      "version": "5.3.1",
      "resolved": "https://registry.npmjs.org/@pixi/constants/-/constants-5.3.1.tgz",
      "integrity": "sha512-SwvUEfkLWQzv/rx7fWZx6kjcjnOJRTdcWMHlKcN0IQ6XUMz/cHp+OjhySHbvJDLY2RWH22e0YCnzRfNBiCmycQ==",
      "dev": true
    },
    "@pixi/core": {
      "version": "5.3.1",
      "resolved": "https://registry.npmjs.org/@pixi/core/-/core-5.3.1.tgz",
      "integrity": "sha512-8EhRzxiSAyVwkSEsxylPS8pm7JfTC87+STeapd//NDma3H4AjU4SbB45naLUAUAQWch1JHkF1xuiVUMyKyxu6g==",
      "dev": true,
      "requires": {
        "@pixi/constants": "5.3.1",
        "@pixi/math": "5.3.1",
        "@pixi/runner": "5.3.1",
        "@pixi/settings": "5.3.1",
        "@pixi/ticker": "5.3.1",
        "@pixi/utils": "5.3.1"
      }
    },
    "@pixi/display": {
      "version": "5.3.1",
      "resolved": "https://registry.npmjs.org/@pixi/display/-/display-5.3.1.tgz",
      "integrity": "sha512-dvRnY9tktXzWdON2C4LZcRPBT4YKPquWRmrrXXCSTd+XyGr854DQUAwK7iQ4gHmnSk4CaaUoJ1VCFXhVr3nATw==",
      "dev": true,
      "requires": {
        "@pixi/math": "5.3.1",
        "@pixi/settings": "5.3.1",
        "@pixi/utils": "5.3.1"
      }
    },
    "@pixi/extract": {
      "version": "5.3.1",
      "resolved": "https://registry.npmjs.org/@pixi/extract/-/extract-5.3.1.tgz",
      "integrity": "sha512-J1NPDf2JkSkvxjvcNfj3crexWQ1uKmTWi5RgRmr/Nv/bJJeexNBsGC66O02FjweKSq2OZ3VPDE8Im28koXoqZw==",
      "dev": true,
      "requires": {
        "@pixi/core": "5.3.1",
        "@pixi/math": "5.3.1",
        "@pixi/utils": "5.3.1"
      }
    },
    "@pixi/filter-alpha": {
      "version": "5.3.1",
      "resolved": "https://registry.npmjs.org/@pixi/filter-alpha/-/filter-alpha-5.3.1.tgz",
      "integrity": "sha512-Zfz+F0DYYk8XyvSahipQ1gMzjrvYdZymFU0xjCa9W4PaI8/uw/QSiolyTeg70BDxav4/Upjh6HQSlZ1yJYxQYg==",
      "dev": true,
      "requires": {
        "@pixi/core": "5.3.1"
      }
    },
    "@pixi/filter-blur": {
      "version": "5.3.1",
      "resolved": "https://registry.npmjs.org/@pixi/filter-blur/-/filter-blur-5.3.1.tgz",
      "integrity": "sha512-zIu6sdnc++yIbCH31/ZWdwE6B1jxa4qYbYPOOFkvNVGgWU+YqMf7HJroAFB2kDv/WliRglDNR0yO3klLEZzEMw==",
      "dev": true,
      "requires": {
        "@pixi/core": "5.3.1",
        "@pixi/settings": "5.3.1"
      }
    },
    "@pixi/filter-color-matrix": {
      "version": "5.3.1",
      "resolved": "https://registry.npmjs.org/@pixi/filter-color-matrix/-/filter-color-matrix-5.3.1.tgz",
      "integrity": "sha512-A+jzOA8Kz13GUvlM/Zpny8E/UMQLJ7xFOBtGPXUei3I5Derb63P/S+m5e4AMxsxi0O3L6x3nd6+XTBsDw/UWJg==",
      "dev": true,
      "requires": {
        "@pixi/core": "5.3.1"
      }
    },
    "@pixi/filter-displacement": {
      "version": "5.3.1",
      "resolved": "https://registry.npmjs.org/@pixi/filter-displacement/-/filter-displacement-5.3.1.tgz",
      "integrity": "sha512-uhJD2gr2ywjd63bsLsexhml77SsE76D/YuH4wR17BBS6s3rBEZ9+MDCoAmtvqpedjFOS61YXs8w+rNQ/Y+nNZg==",
      "dev": true,
      "requires": {
        "@pixi/core": "5.3.1",
        "@pixi/math": "5.3.1"
      }
    },
    "@pixi/filter-fxaa": {
      "version": "5.3.1",
      "resolved": "https://registry.npmjs.org/@pixi/filter-fxaa/-/filter-fxaa-5.3.1.tgz",
      "integrity": "sha512-fd/h4ubKBaPQrvr8NnvD6pksdjIGz6D/cB+AusbLnWbQdKVGujm9eEZI1Ifa66/tBlamAg18p5vOuMj8qMNwqQ==",
      "dev": true,
      "requires": {
        "@pixi/core": "5.3.1"
      }
    },
    "@pixi/filter-noise": {
      "version": "5.3.1",
      "resolved": "https://registry.npmjs.org/@pixi/filter-noise/-/filter-noise-5.3.1.tgz",
      "integrity": "sha512-6lRkOmT8uZ+85/Gpx0wokH4gdz/ZjPtANmRIPpr/c5IG+gFLQhVeIa7rv58M+EGA9ctzKJO8j/w/x/uUdPM6nQ==",
      "dev": true,
      "requires": {
        "@pixi/core": "5.3.1"
      }
    },
    "@pixi/graphics": {
      "version": "5.3.1",
      "resolved": "https://registry.npmjs.org/@pixi/graphics/-/graphics-5.3.1.tgz",
      "integrity": "sha512-aC1OvH62aRcABvqm4ZJBLqelEJog8MPfVpjOTCbkbc+Tvk/FoyBFEnyWFng/WmI0TPMV5sjlAXSS4GvQRcLJeg==",
      "dev": true,
      "requires": {
        "@pixi/constants": "5.3.1",
        "@pixi/core": "5.3.1",
        "@pixi/display": "5.3.1",
        "@pixi/math": "5.3.1",
        "@pixi/sprite": "5.3.1",
        "@pixi/utils": "5.3.1"
      }
    },
    "@pixi/interaction": {
      "version": "5.3.1",
      "resolved": "https://registry.npmjs.org/@pixi/interaction/-/interaction-5.3.1.tgz",
      "integrity": "sha512-yNHkDp/Sc0GPZWBknKH2ob4pd1MPe3fTvrcT/wErOqAyZEhWehwvJXx37UlRSpN3WXTNhDXtOCeLyboat53qnA==",
      "dev": true,
      "requires": {
        "@pixi/core": "5.3.1",
        "@pixi/display": "5.3.1",
        "@pixi/math": "5.3.1",
        "@pixi/ticker": "5.3.1",
        "@pixi/utils": "5.3.1"
      }
    },
    "@pixi/loaders": {
      "version": "5.3.1",
      "resolved": "https://registry.npmjs.org/@pixi/loaders/-/loaders-5.3.1.tgz",
      "integrity": "sha512-aPxg0DSq3aUnJo8tsY26emlYBv3yOjvCUsOQvWQ4XKBaTi5Y+3jpRO0r2IkertyR1ysYLrHhPTWGSIdSDFPYNg==",
      "dev": true,
      "requires": {
        "@pixi/core": "5.3.1",
        "@pixi/utils": "5.3.1",
        "resource-loader": "^3.0.1"
      }
    },
    "@pixi/math": {
      "version": "5.3.1",
      "resolved": "https://registry.npmjs.org/@pixi/math/-/math-5.3.1.tgz",
      "integrity": "sha512-G/3QaO7yHDoHD5iXGP/iOhM8arRatN1mMEcSguIMi3u+sLEAWkeZpKsZIcDBiNFdOcyoW/xTQmEFd2ji8OXWmQ==",
      "dev": true
    },
    "@pixi/mesh": {
      "version": "5.3.1",
      "resolved": "https://registry.npmjs.org/@pixi/mesh/-/mesh-5.3.1.tgz",
      "integrity": "sha512-MxZiPkM6ylM83MljRZ2858tvB7oreWvOkenme66AN1XVxlOiQm2TuoLvmGelCnzZPBSxRJMblyYk+d7bbO1TXw==",
      "dev": true,
      "requires": {
        "@pixi/constants": "5.3.1",
        "@pixi/core": "5.3.1",
        "@pixi/display": "5.3.1",
        "@pixi/math": "5.3.1",
        "@pixi/settings": "5.3.1",
        "@pixi/utils": "5.3.1"
      }
    },
    "@pixi/mesh-extras": {
      "version": "5.3.1",
      "resolved": "https://registry.npmjs.org/@pixi/mesh-extras/-/mesh-extras-5.3.1.tgz",
      "integrity": "sha512-Yly4fmi2koQB8sQFJXo2aqxX4dfksndeSsEmCsdjMcKEW3zqvyuCGCagDtgysXD/7o3+Ig/W0orzKjv3OE9+iQ==",
      "dev": true,
      "requires": {
        "@pixi/constants": "5.3.1",
        "@pixi/core": "5.3.1",
        "@pixi/math": "5.3.1",
        "@pixi/mesh": "5.3.1",
        "@pixi/utils": "5.3.1"
      }
    },
    "@pixi/mixin-cache-as-bitmap": {
      "version": "5.3.1",
      "resolved": "https://registry.npmjs.org/@pixi/mixin-cache-as-bitmap/-/mixin-cache-as-bitmap-5.3.1.tgz",
      "integrity": "sha512-RTuHae9Vwg/6BjlvCwRQfJ+xkRdDkiQ+pCY7iqjPPyBXfb9sv/GOoYdsQRVwR6RAnb2JqMdJOdBjgGLtmSAsYg==",
      "dev": true,
      "requires": {
        "@pixi/core": "5.3.1",
        "@pixi/display": "5.3.1",
        "@pixi/math": "5.3.1",
        "@pixi/settings": "5.3.1",
        "@pixi/sprite": "5.3.1",
        "@pixi/utils": "5.3.1"
      }
    },
    "@pixi/mixin-get-child-by-name": {
      "version": "5.3.1",
      "resolved": "https://registry.npmjs.org/@pixi/mixin-get-child-by-name/-/mixin-get-child-by-name-5.3.1.tgz",
      "integrity": "sha512-sTebKEbmSe+gVKH1iQaVB82hWREW/Soi1vye3bUA58AVZplyEw330KyLx4LnLM6nMagN3KjNFPRGzpwTXImWwA==",
      "dev": true,
      "requires": {
        "@pixi/display": "5.3.1"
      }
    },
    "@pixi/mixin-get-global-position": {
      "version": "5.3.1",
      "resolved": "https://registry.npmjs.org/@pixi/mixin-get-global-position/-/mixin-get-global-position-5.3.1.tgz",
      "integrity": "sha512-aYlxbKu1hUGqP12Djf4sdQr+6+NxxCdG9dtJ8J+o1//AO55Zo5Pyj7Y7OwB1hfgHEqIP5U0ogeEc5IwGwoRafA==",
      "dev": true,
      "requires": {
        "@pixi/display": "5.3.1",
        "@pixi/math": "5.3.1"
      }
    },
    "@pixi/particles": {
      "version": "5.3.1",
      "resolved": "https://registry.npmjs.org/@pixi/particles/-/particles-5.3.1.tgz",
      "integrity": "sha512-8GL3kIvVaBjyZ+5lUm5tY7G+XsOl7EIWndizdZ2iXoypLsUMBiHhZ6emj5FNl4+wjJrjdHznruxkRj8AEE6rOQ==",
      "dev": true,
      "requires": {
        "@pixi/constants": "5.3.1",
        "@pixi/core": "5.3.1",
        "@pixi/display": "5.3.1",
        "@pixi/math": "5.3.1",
        "@pixi/utils": "5.3.1"
      }
    },
    "@pixi/polyfill": {
      "version": "5.3.1",
      "resolved": "https://registry.npmjs.org/@pixi/polyfill/-/polyfill-5.3.1.tgz",
      "integrity": "sha512-3vSiK+s+Bnr098F6lXTlH0YemZyCzY9OrEkJOIVqIROsKExpemopVJxT48f2KjtuaaMUS/Bvk+YffiUfxc0cjg==",
      "dev": true,
      "requires": {
        "es6-promise-polyfill": "^1.2.0",
        "object-assign": "^4.1.1"
      }
    },
    "@pixi/prepare": {
      "version": "5.3.1",
      "resolved": "https://registry.npmjs.org/@pixi/prepare/-/prepare-5.3.1.tgz",
      "integrity": "sha512-Dv3bezugcIsfmbpEKCADOjkUp5ZacvRd0/37n8SiitrGWnCFaTDR0q4ImTJKjY7qzWv00M6ZL8Xc9ki5OJRpxg==",
      "dev": true,
      "requires": {
        "@pixi/core": "5.3.1",
        "@pixi/display": "5.3.1",
        "@pixi/graphics": "5.3.1",
        "@pixi/settings": "5.3.1",
        "@pixi/text": "5.3.1",
        "@pixi/ticker": "5.3.1"
      }
    },
    "@pixi/runner": {
      "version": "5.3.1",
      "resolved": "https://registry.npmjs.org/@pixi/runner/-/runner-5.3.1.tgz",
      "integrity": "sha512-9jwRIkFXj6qdoDRki2xNnsNnXdqiutAFkqgWjleSC+yY8QygKsUB6qH8Q7DIUWCc5PSTzs1JLVlr78cH1kb6WQ==",
      "dev": true
    },
    "@pixi/settings": {
      "version": "5.3.1",
      "resolved": "https://registry.npmjs.org/@pixi/settings/-/settings-5.3.1.tgz",
      "integrity": "sha512-cAK9HciXFwJkCN41hexk3HMZE5IZD3iw5/3AOvubRzkvOuQNgaDxxmtQdgE4gqjhM+kQWsMNY6x4SZZE0PEFcQ==",
      "dev": true,
      "requires": {
        "ismobilejs": "^1.1.0"
      }
    },
    "@pixi/sprite": {
      "version": "5.3.1",
      "resolved": "https://registry.npmjs.org/@pixi/sprite/-/sprite-5.3.1.tgz",
      "integrity": "sha512-wtzNtmWHRhXiATJmuCER3CbgVMXb94ukN/L+UPjiYu6zk9aYLvQp4ppN6sIXfESSJ9buoEVx66DMiJy5UIoHgg==",
      "dev": true,
      "requires": {
        "@pixi/constants": "5.3.1",
        "@pixi/core": "5.3.1",
        "@pixi/display": "5.3.1",
        "@pixi/math": "5.3.1",
        "@pixi/settings": "5.3.1",
        "@pixi/utils": "5.3.1"
      }
    },
    "@pixi/sprite-animated": {
      "version": "5.3.1",
      "resolved": "https://registry.npmjs.org/@pixi/sprite-animated/-/sprite-animated-5.3.1.tgz",
      "integrity": "sha512-MBQpI7gEeeXpUQg+hzD3of2xEVFeWjWgxt7PNKxyZjon8MPF3aIcpyv8u6Ldnbzlp7vcYpL8BwFLhUVvOSYLHA==",
      "dev": true,
      "requires": {
        "@pixi/core": "5.3.1",
        "@pixi/sprite": "5.3.1",
        "@pixi/ticker": "5.3.1"
      }
    },
    "@pixi/sprite-tiling": {
      "version": "5.3.1",
      "resolved": "https://registry.npmjs.org/@pixi/sprite-tiling/-/sprite-tiling-5.3.1.tgz",
      "integrity": "sha512-wh/BXkqt4tyxz7SqY0qtNr05cqlJd3LhL/SxR+4F86hY474ipkA27V67cwTYHA0bEJ1BcMorF6J6cZ30f278Og==",
      "dev": true,
      "requires": {
        "@pixi/constants": "5.3.1",
        "@pixi/core": "5.3.1",
        "@pixi/display": "5.3.1",
        "@pixi/math": "5.3.1",
        "@pixi/sprite": "5.3.1",
        "@pixi/utils": "5.3.1"
      }
    },
    "@pixi/spritesheet": {
      "version": "5.3.1",
      "resolved": "https://registry.npmjs.org/@pixi/spritesheet/-/spritesheet-5.3.1.tgz",
      "integrity": "sha512-SwmFzVB7fccoe4zP91b0Eo3OmVWWuPdZwZ5smApYQRRVweXMVWDYd1MvZyMn1/WXo7ukm1pVOu78950tNIAfRg==",
      "dev": true,
      "requires": {
        "@pixi/core": "5.3.1",
        "@pixi/loaders": "5.3.1",
        "@pixi/math": "5.3.1",
        "@pixi/utils": "5.3.1"
      }
    },
    "@pixi/text": {
      "version": "5.3.1",
      "resolved": "https://registry.npmjs.org/@pixi/text/-/text-5.3.1.tgz",
      "integrity": "sha512-nq+07oFYlj9DSX/O8u2fSKSuozVvG3H0orZd8YYLhDAg6GMacS1zEJCdSgv1moiU12Fx2+I7MMlBT9WBE/7aTg==",
      "dev": true,
      "requires": {
        "@pixi/core": "5.3.1",
        "@pixi/math": "5.3.1",
        "@pixi/settings": "5.3.1",
        "@pixi/sprite": "5.3.1",
        "@pixi/utils": "5.3.1"
      }
    },
    "@pixi/text-bitmap": {
      "version": "5.3.1",
      "resolved": "https://registry.npmjs.org/@pixi/text-bitmap/-/text-bitmap-5.3.1.tgz",
      "integrity": "sha512-+AKp2RzQOrgKg5ZulEql1BCycpk4f0mJc3kTWmmjVvfjcUHLwQnpwyGLJZv4I8VdLynAL7AXWim1nOA48VS/Gw==",
      "dev": true,
      "requires": {
        "@pixi/core": "5.3.1",
        "@pixi/display": "5.3.1",
        "@pixi/loaders": "5.3.1",
        "@pixi/math": "5.3.1",
        "@pixi/mesh": "5.3.1",
        "@pixi/settings": "5.3.1",
        "@pixi/text": "5.3.1",
        "@pixi/utils": "5.3.1"
      }
    },
    "@pixi/ticker": {
      "version": "5.3.1",
      "resolved": "https://registry.npmjs.org/@pixi/ticker/-/ticker-5.3.1.tgz",
      "integrity": "sha512-+staweCVNihmDSChUsSl+Tr3t+pxHAi1FjVYPPqSH0vNlzuu22XWwhwPBGQUvna/mqe/HtXwXUSHbzlAh/kMCQ==",
      "dev": true,
      "requires": {
        "@pixi/settings": "5.3.1"
      }
    },
    "@pixi/utils": {
      "version": "5.3.1",
      "resolved": "https://registry.npmjs.org/@pixi/utils/-/utils-5.3.1.tgz",
      "integrity": "sha512-TcNJ3OSRX84BLlRdMS+wduFKeJ9itTogfQrJcdynJr+2C9GtRthge26kYmRSHGPdS0v62ALCE63A0aukK5ut3w==",
      "dev": true,
      "requires": {
        "@pixi/constants": "5.3.1",
        "@pixi/settings": "5.3.1",
        "earcut": "^2.1.5",
        "eventemitter3": "^3.1.0",
        "url": "^0.11.0"
      }
    },
    "earcut": {
      "version": "2.2.2",
      "resolved": "https://registry.npmjs.org/earcut/-/earcut-2.2.2.tgz",
      "integrity": "sha512-eZoZPPJcUHnfRZ0PjLvx2qBordSiO8ofC3vt+qACLM95u+4DovnbYNpQtJh0DNsWj8RnxrQytD4WA8gj5cRIaQ==",
      "dev": true
    },
    "es6-promise-polyfill": {
      "version": "1.2.0",
      "resolved": "https://registry.npmjs.org/es6-promise-polyfill/-/es6-promise-polyfill-1.2.0.tgz",
      "integrity": "sha1-84kl8jyz4+jObNqP93T867sJDN4=",
      "dev": true
    },
    "eventemitter3": {
      "version": "3.1.2",
      "resolved": "https://registry.npmjs.org/eventemitter3/-/eventemitter3-3.1.2.tgz",
      "integrity": "sha512-tvtQIeLVHjDkJYnzf2dgVMxfuSGJeM/7UCG17TT4EumTfNtF+0nebF/4zWOIkCreAbtNqhGEboB6BWrwqNaw4Q==",
      "dev": true
    },
    "ismobilejs": {
      "version": "1.1.1",
      "resolved": "https://registry.npmjs.org/ismobilejs/-/ismobilejs-1.1.1.tgz",
      "integrity": "sha512-VaFW53yt8QO61k2WJui0dHf4SlL8lxBofUuUmwBo0ljPk0Drz2TiuDW4jo3wDcv41qy/SxrJ+VAzJ/qYqsmzRw==",
      "dev": true
    },
    "mini-signals": {
      "version": "1.2.0",
      "resolved": "https://registry.npmjs.org/mini-signals/-/mini-signals-1.2.0.tgz",
      "integrity": "sha1-RbCAE8X65RokqhqTXNMXye1yHXQ=",
      "dev": true
    },
    "object-assign": {
      "version": "4.1.1",
      "resolved": "https://registry.npmjs.org/object-assign/-/object-assign-4.1.1.tgz",
      "integrity": "sha1-IQmtx5ZYh8/AXLvUQsrIv7s2CGM=",
      "dev": true
    },
    "parse-uri": {
      "version": "1.0.0",
      "resolved": "https://registry.npmjs.org/parse-uri/-/parse-uri-1.0.0.tgz",
      "integrity": "sha1-KHLcwi8aeXrN4Vg9igrClVLdrCA=",
      "dev": true
    },
    "pixi.js": {
      "version": "5.3.1",
      "resolved": "https://registry.npmjs.org/pixi.js/-/pixi.js-5.3.1.tgz",
      "integrity": "sha512-6qIVGgxDMnInLjuOHKeNKCh0GbPdRUvIiSqIOgavEHkq6quFlEVqeXozBrkfy9d+xlmeH4Rbei7TK6Xm1YVQ1Q==",
      "dev": true,
      "requires": {
        "@pixi/accessibility": "5.3.1",
        "@pixi/app": "5.3.1",
        "@pixi/constants": "5.3.1",
        "@pixi/core": "5.3.1",
        "@pixi/display": "5.3.1",
        "@pixi/extract": "5.3.1",
        "@pixi/filter-alpha": "5.3.1",
        "@pixi/filter-blur": "5.3.1",
        "@pixi/filter-color-matrix": "5.3.1",
        "@pixi/filter-displacement": "5.3.1",
        "@pixi/filter-fxaa": "5.3.1",
        "@pixi/filter-noise": "5.3.1",
        "@pixi/graphics": "5.3.1",
        "@pixi/interaction": "5.3.1",
        "@pixi/loaders": "5.3.1",
        "@pixi/math": "5.3.1",
        "@pixi/mesh": "5.3.1",
        "@pixi/mesh-extras": "5.3.1",
        "@pixi/mixin-cache-as-bitmap": "5.3.1",
        "@pixi/mixin-get-child-by-name": "5.3.1",
        "@pixi/mixin-get-global-position": "5.3.1",
        "@pixi/particles": "5.3.1",
        "@pixi/polyfill": "5.3.1",
        "@pixi/prepare": "5.3.1",
        "@pixi/runner": "5.3.1",
        "@pixi/settings": "5.3.1",
        "@pixi/sprite": "5.3.1",
        "@pixi/sprite-animated": "5.3.1",
        "@pixi/sprite-tiling": "5.3.1",
        "@pixi/spritesheet": "5.3.1",
        "@pixi/text": "5.3.1",
        "@pixi/text-bitmap": "5.3.1",
        "@pixi/ticker": "5.3.1",
        "@pixi/utils": "5.3.1"
      }
    },
    "punycode": {
      "version": "1.3.2",
      "resolved": "https://registry.npmjs.org/punycode/-/punycode-1.3.2.tgz",
      "integrity": "sha1-llOgNvt8HuQjQvIyXM7v6jkmxI0=",
      "dev": true
    },
    "querystring": {
      "version": "0.2.0",
      "resolved": "https://registry.npmjs.org/querystring/-/querystring-0.2.0.tgz",
      "integrity": "sha1-sgmEkgO7Jd+CDadW50cAWHhSFiA=",
      "dev": true
    },
    "resource-loader": {
      "version": "3.0.1",
      "resolved": "https://registry.npmjs.org/resource-loader/-/resource-loader-3.0.1.tgz",
      "integrity": "sha512-fBuCRbEHdLCI1eglzQhUv9Rrdcmqkydr1r6uHE2cYHvRBrcLXeSmbE/qI/urFt8rPr/IGxir3BUwM5kUK8XoyA==",
      "dev": true,
      "requires": {
        "mini-signals": "^1.2.0",
        "parse-uri": "^1.0.0"
      }
    },
    "typescript": {
      "version": "3.9.7",
      "resolved": "https://registry.npmjs.org/typescript/-/typescript-3.9.7.tgz",
      "integrity": "sha512-BLbiRkiBzAwsjut4x/dsibSTB6yWpwT5qWmC2OfuCg3GgVQCSgMs4vEctYPhsaGtd0AeuuHMkjZ2h2WG8MSzRw==",
      "dev": true
    },
    "url": {
      "version": "0.11.0",
      "resolved": "https://registry.npmjs.org/url/-/url-0.11.0.tgz",
      "integrity": "sha1-ODjpfPxgUh63PFJajlW/3Z4uKPE=",
      "dev": true,
      "requires": {
        "punycode": "1.3.2",
        "querystring": "0.2.0"
      }
    }
  }
}
