# THIS IS AN AUTOGENERATED FILE. DO NOT EDIT THIS FILE DIRECTLY.
# yarn lockfile v1


typescript@^3.9.7:
  version "3.9.7"
  resolved "https://registry.yarnpkg.com/typescript/-/typescript-3.9.7.tgz#98d600a5ebdc38f40cb277522f12dc800e9e25fa"
  integrity sha512-BLbiRkiBzAwsjut4x/dsibSTB6yWpwT5qWmC2OfuCg3GgVQCSgMs4vEctYPhsaGtd0AeuuHMkjZ2h2WG8MSzRw==

vectorjs@^0.1.11:
  version "0.1.11"
  resolved "https://registry.yarnpkg.com/vectorjs/-/vectorjs-0.1.11.tgz#2f7de2f1304420f1af3e520c75f745ce31af1d01"
  integrity sha1-L33i8TBEIPGvPlIMdfdFzjGvHQE=

victor@^1.1.0:
  version "1.1.0"
  resolved "https://registry.yarnpkg.com/victor/-/victor-1.1.0.tgz#de3cc77b15589b1b0c7b22c3dad297034ab002ba"
  integrity sha1-3jzHexVYmxsMeyLD2tKXA0qwAro=
